{
  "nodes": {
    "nixpkgs": {
      "locked": {
        "lastModified": 1790046670,
        "narHash": "sha256-MYiI+CzL0tuWgRPjGsKCDHqYs2T3OzMlMQWOYWG0qso=",
        "owner": "nixos",
        "repo": "nixpkgs",
        "rev": "6774f7bc253789b113a4f39285dc0fa100abeacc",
        "type": "github"
      },
      "original": {
        "owner": "nixos",
        "ref": "nixos-unstable",
        "repo": "nixpkgs",
        "type": "github"
      }
    },
    "root": {
      "inputs": {
        "nixpkgs": "nixpkgs",
        "rust-overlay": "rust-overlay",
        "telar": "telar"
      }
    },
    "rust-overlay": {
      "inputs": {
        "nixpkgs": [
          "nixpkgs"
        ]
      },
      "locked": {
        "lastModified": 1790149037,
        "narHash": "sha256-01WcSplVEmQt13QUZLfWez27JO+2lyYWX+yTitvkF3g=",
        "owner": "oxalica",
        "repo": "rust-overlay",
        "rev": "fb058ecf6d14837ea152a3d5225ce7f88ee5cde1",
        "type": "github"
      },
      "original": {
        "owner": "oxalica",
        "repo": "rust-overlay",
        "type": "github"
      }
    },
    "telar": {
      "flake": false,
      "locked": {
        "lastModified": 1790458986,
        "narHash": "sha256-Toh8lmWX/t9SSr5VuijU3qwByPJK226YA/CmTjKKzKE=",
        "ref": "dev",
        "rev": "0be3f2d7eec4e1d904c4e1201cb2c0a7df462a2b",
        "revCount": 963,
        "type": "git",
        "url": "file:///home/adrielgbm/projects/code/telar"
      },
      "original": {
        "ref": "dev",
        "type": "git",
        "url": "file:///home/adrielgbm/projects/code/telar"
      }
    }
  },
  "root": "root",
  "version": 7
}
